// !$*UTF8*$!
{
	archiveVersion = 1;
	classes = {
	};
	objectVersion = 77;
	objects = {

/* Begin PBXBuildFile section */
		427AEBDA30653CB600E21B36 /* WidgetKit.framework in Frameworks */ = {isa = PBXBuildFile; fileRef = 427AEBD930653CB500E21B36 /* WidgetKit.framework */; };
		427AEBDC30653CB600E21B36 /* SwiftUI.framework in Frameworks */ = {isa = PBXBuildFile; fileRef = 427AEBDB30653CB600E21B36 /* SwiftUI.framework */; };
		427AEBE730653CB700E21B36 /* MedicineExpiryWidgetExtension.appex in Embed Foundation Extensions */ = {isa = PBXBuildFile; fileRef = 427AEBD730653CB500E21B36 /* MedicineExpiryWidgetExtension.appex */; settings = {ATTRIBUTES = (RemoveHeadersOnCopy, ); }; };
		427AECC630662E1700E21B36 /* UserNotifications.framework in Frameworks */ = {isa = PBXBuildFile; fileRef = 427AECC530662E1700E21B36 /* UserNotifications.framework */; };
		427AECC830662E1700E21B36 /* UserNotificationsUI.framework in Frameworks */ = {isa = PBXBuildFile; fileRef = 427AECC730662E1700E21B36 /* UserNotificationsUI.framework */; };
		427AECD230662E1800E21B36 /* MedicineExpiryNotification.appex in Embed Foundation Extensions */ = {isa = PBXBuildFile; fileRef = 427AECC430662E1700E21B36 /* MedicineExpiryNotification.appex */; settings = {ATTRIBUTES = (RemoveHeadersOnCopy, ); }; };
/* End PBXBuildFile section */

/* Begin PBXContainerItemProxy section */
		427AEBE530653CB700E21B36 /* PBXContainerItemProxy */ = {
			isa = PBXContainerItemProxy;
			containerPortal = 427AEA0F305FFB2300E21B36 /* Project object */;
			proxyType = 1;
			remoteGlobalIDString = 427AEBD630653CB500E21B36;
			remoteInfo = MedicineExpiryWidgetExtension;
		};
		427AECD030662E1800E21B36 /* PBXContainerItemProxy */ = {
			isa = PBXContainerItemProxy;
			containerPortal = 427AEA0F305FFB2300E21B36 /* Project object */;
			proxyType = 1;
			remoteGlobalIDString = 427AECC330662E1700E21B36;
			remoteInfo = MedicineExpiryNotification;
		};
		427AEDBE30668D3000E21B36 /* PBXContainerItemProxy */ = {
			isa = PBXContainerItemProxy;
			containerPortal = 427AEA0F305FFB2300E21B36 /* Project object */;
			proxyType = 1;
			remoteGlobalIDString = 427AEA16305FFB2300E21B36;
			remoteInfo = "Home Medicine Tracker";
		};
/* End PBXContainerItemProxy section */

/* Begin PBXCopyFilesBuildPhase section */
		427AEBEC30653CB700E21B36 /* Embed Foundation Extensions */ = {
			isa = PBXCopyFilesBuildPhase;
			buildActionMask = 2147483647;
			dstPath = "";
			dstSubfolderSpec = 13;
			files = (
				427AECD230662E1800E21B36 /* MedicineExpiryNotification.appex in Embed Foundation Extensions */,
				427AEBE730653CB700E21B36 /* MedicineExpiryWidgetExtension.appex in Embed Foundation Extensions */,
			);
			name = "Embed Foundation Extensions";
			runOnlyForDeploymentPostprocessing = 0;
		};
/* End PBXCopyFilesBuildPhase section */

/* Begin PBXFileReference section */
		422DF7EF3067E7F700060BA3 /* README.md */ = {isa = PBXFileReference; lastKnownFileType = sourcecode.swift; path = README.md; sourceTree = "<group>"; };
		427AEA17305FFB2300E21B36 /* Home Medicine Tracker.app */ = {isa = PBXFileReference; explicitFileType = wrapper.application; includeInIndex = 0; path = "Home Medicine Tracker.app"; sourceTree = BUILT_PRODUCTS_DIR; };
		427AEBD730653CB500E21B36 /* MedicineExpiryWidgetExtension.appex */ = {isa = PBXFileReference; explicitFileType = "wrapper.app-extension"; includeInIndex = 0; path = MedicineExpiryWidgetExtension.appex; sourceTree = BUILT_PRODUCTS_DIR; };
		427AEBD930653CB500E21B36 /* WidgetKit.framework */ = {isa = PBXFileReference; lastKnownFileType = wrapper.framework; name = WidgetKit.framework; path = System/Library/Frameworks/WidgetKit.framework; sourceTree = SDKROOT; };
		427AEBDB30653CB600E21B36 /* SwiftUI.framework */ = {isa = PBXFileReference; lastKnownFileType = wrapper.framework; name = SwiftUI.framework; path = System/Library/Frameworks/SwiftUI.framework; sourceTree = SDKROOT; };
		427AEBEE30653F1500E21B36 /* MedicineExpiryWidgetExtension.entitlements */ = {isa = PBXFileReference; lastKnownFileType = text.plist.entitlements; path = MedicineExpiryWidgetExtension.entitlements; sourceTree = "<group>"; };
		427AECC430662E1700E21B36 /* MedicineExpiryNotification.appex */ = {isa = PBXFileReference; explicitFileType = "wrapper.app-extension"; includeInIndex = 0; path = MedicineExpiryNotification.appex; sourceTree = BUILT_PRODUCTS_DIR; };
		427AECC530662E1700E21B36 /* UserNotifications.framework */ = {isa = PBXFileReference; lastKnownFileType = wrapper.framework; name = UserNotifications.framework; path = System/Library/Frameworks/UserNotifications.framework; sourceTree = SDKROOT; };
		427AECC730662E1700E21B36 /* UserNotificationsUI.framework */ = {isa = PBXFileReference; lastKnownFileType = wrapper.framework; name = UserNotificationsUI.framework; path = System/Library/Frameworks/UserNotificationsUI.framework; sourceTree = SDKROOT; };
		427AEDBA30668D3000E21B36 /* HomeMedicineTrackerTests.xctest */ = {isa = PBXFileReference; explicitFileType = wrapper.cfbundle; includeInIndex = 0; path = HomeMedicineTrackerTests.xctest; sourceTree = BUILT_PRODUCTS_DIR; };
		427AEEB33066B51F00E21B36 /* Home Medicine Tracker.xctestplan */ = {isa = PBXFileReference; lastKnownFileType = text; path = "Home Medicine Tracker.xctestplan"; sourceTree = "<group>"; };
/* End PBXFileReference section */

/* Begin PBXFileSystemSynchronizedBuildFileExceptionSet section */
		427AEBE830653CB700E21B36 /* Exceptions for "MedicineExpiryWidget" folder in "MedicineExpiryWidgetExtension" target */ = {
			isa = PBXFileSystemSynchronizedBuildFileExceptionSet;
			membershipExceptions = (
				Info.plist,
			);
			target = 427AEBD630653CB500E21B36 /* MedicineExpiryWidgetExtension */;
		};
		427AEBF43065417000E21B36 /* Exceptions for "Home Medicine Tracker" folder in "MedicineExpiryWidgetExtension" target */ = {
			isa = PBXFileSystemSynchronizedBuildFileExceptionSet;
			membershipExceptions = (
				Models/WidgetMedicine.swift,
			);
			target = 427AEBD630653CB500E21B36 /* MedicineExpiryWidgetExtension */;
		};
		427AECD530662E1800E21B36 /* Exceptions for "MedicineExpiryNotification" folder in "MedicineExpiryNotification" target */ = {
			isa = PBXFileSystemSynchronizedBuildFileExceptionSet;
			membershipExceptions = (
				Info.plist,
			);
			target = 427AECC330662E1700E21B36 /* MedicineExpiryNotification */;
		};
/* End PBXFileSystemSynchronizedBuildFileExceptionSet section */

/* Begin PBXFileSystemSynchronizedRootGroup section */
		427AEA19305FFB2300E21B36 /* Home Medicine Tracker */ = {
			isa = PBXFileSystemSynchronizedRootGroup;
			exceptions = (
				427AEBF43065417000E21B36 /* Exceptions for "Home Medicine Tracker" folder in "MedicineExpiryWidgetExtension" target */,
			);
			path = "Home Medicine Tracker";
			sourceTree = "<group>";
		};
		427AEBDD30653CB600E21B36 /* MedicineExpiryWidget */ = {
			isa = PBXFileSystemSynchronizedRootGroup;
			exceptions = (
				427AEBE830653CB700E21B36 /* Exceptions for "MedicineExpiryWidget" folder in "MedicineExpiryWidgetExtension" target */,
			);
			path = MedicineExpiryWidget;
			sourceTree = "<group>";
		};
		427AECC930662E1700E21B36 /* MedicineExpiryNotification */ = {
			isa = PBXFileSystemSynchronizedRootGroup;
			exceptions = (
				427AECD530662E1800E21B36 /* Exceptions for "MedicineExpiryNotification" folder in "MedicineExpiryNotification" target */,
			);
			path = MedicineExpiryNotification;
			sourceTree = "<group>";
		};
		427AEDBB30668D3000E21B36 /* HomeMedicineTrackerTests */ = {
			isa = PBXFileSystemSynchronizedRootGroup;
			path = HomeMedicineTrackerTests;
			sourceTree = "<group>";
		};
/* End PBXFileSystemSynchronizedRootGroup section */

/* Begin PBXFrameworksBuildPhase section */
		427AEA14305FFB2300E21B36 /* Frameworks */ = {
			isa = PBXFrameworksBuildPhase;
			buildActionMask = 2147483647;
			files = (
			);
			runOnlyForDeploymentPostprocessing = 0;
		};
		427AEBD430653CB500E21B36 /* Frameworks */ = {
			isa = PBXFrameworksBuildPhase;
			buildActionMask = 2147483647;
			files = (
				427AEBDC30653CB600E21B36 /* SwiftUI.framework in Frameworks */,
				427AEBDA30653CB600E21B36 /* WidgetKit.framework in Frameworks */,
			);
			runOnlyForDeploymentPostprocessing = 0;
		};
		427AECC130662E1700E21B36 /* Frameworks */ = {
			isa = PBXFrameworksBuildPhase;
			buildActionMask = 2147483647;
			files = (
				427AECC830662E1700E21B36 /* UserNotificationsUI.framework in Frameworks */,
				427AECC630662E1700E21B36 /* UserNotifications.framework in Frameworks */,
			);
			runOnlyForDeploymentPostprocessing = 0;
		};
		427AEDB730668D3000E21B36 /* Frameworks */ = {
			isa = PBXFrameworksBuildPhase;
			buildActionMask = 2147483647;
			files = (
			);
			runOnlyForDeploymentPostprocessing = 0;
		};
/* End PBXFrameworksBuildPhase section */

/* Begin PBXGroup section */
		427AEA0E305FFB2300E21B36 = {
			isa = PBXGroup;
			children = (
				422DF7EF3067E7F700060BA3 /* README.md */,
				427AEEB33066B51F00E21B36 /* Home Medicine Tracker.xctestplan */,
				427AEBEE30653F1500E21B36 /* MedicineExpiryWidgetExtension.entitlements */,
				427AEA19305FFB2300E21B36 /* Home Medicine Tracker */,
				427AEBDD30653CB600E21B36 /* MedicineExpiryWidget */,
				427AECC930662E1700E21B36 /* MedicineExpiryNotification */,
				427AEDBB30668D3000E21B36 /* HomeMedicineTrackerTests */,
				427AEBD830653CB500E21B36 /* Frameworks */,
				427AEA18305FFB2300E21B36 /* Products */,
			);
			sourceTree = "<group>";
		};
		427AEA18305FFB2300E21B36 /* Products */ = {
			isa = PBXGroup;
			children = (
				427AEA17305FFB2300E21B36 /* Home Medicine Tracker.app */,
				427AEBD730653CB500E21B36 /* MedicineExpiryWidgetExtension.appex */,
				427AECC430662E1700E21B36 /* MedicineExpiryNotification.appex */,
				427AEDBA30668D3000E21B36 /* HomeMedicineTrackerTests.xctest */,
			);
			name = Products;
			sourceTree = "<group>";
		};
		427AEBD830653CB500E21B36 /* Frameworks */ = {
			isa = PBXGroup;
			children = (
				427AEBD930653CB500E21B36 /* WidgetKit.framework */,
				427AEBDB30653CB600E21B36 /* SwiftUI.framework */,
				427AECC530662E1700E21B36 /* UserNotifications.framework */,
				427AECC730662E1700E21B36 /* UserNotificationsUI.framework */,
			);
			name = Frameworks;
			sourceTree = "<group>";
		};
/* End PBXGroup section */

/* Begin PBXNativeTarget section */
		427AEA16305FFB2300E21B36 /* Home Medicine Tracker */ = {
			isa = PBXNativeTarget;
			buildConfigurationList = 427AEA27305FFB2400E21B36 /* Build configuration list for PBXNativeTarget "Home Medicine Tracker" */;
			buildPhases = (
				427AEA13305FFB2300E21B36 /* Sources */,
				427AEA14305FFB2300E21B36 /* Frameworks */,
				427AEA15305FFB2300E21B36 /* Resources */,
				427AEBEC30653CB700E21B36 /* Embed Foundation Extensions */,
			);
			buildRules = (
			);
			dependencies = (
				427AEBE630653CB700E21B36 /* PBXTargetDependency */,
				427AECD130662E1800E21B36 /* PBXTargetDependency */,
			);
			fileSystemSynchronizedGroups = (
				427AEA19305FFB2300E21B36 /* Home Medicine Tracker */,
			);
			name = "Home Medicine Tracker";
			packageProductDependencies = (
			);
			productName = "Home Medicine Tracker";
			productReference = 427AEA17305FFB2300E21B36 /* Home Medicine Tracker.app */;
			productType = "com.apple.product-type.application";
		};
		427AEBD630653CB500E21B36 /* MedicineExpiryWidgetExtension */ = {
			isa = PBXNativeTarget;
			buildConfigurationList = 427AEBE930653CB700E21B36 /* Build configuration list for PBXNativeTarget "MedicineExpiryWidgetExtension" */;
			buildPhases = (
				427AEBD330653CB500E21B36 /* Sources */,
				427AEBD430653CB500E21B36 /* Frameworks */,
				427AEBD530653CB500E21B36 /* Resources */,
			);
			buildRules = (
			);
			dependencies = (
			);
			fileSystemSynchronizedGroups = (
				427AEBDD30653CB600E21B36 /* MedicineExpiryWidget */,
			);
			name = MedicineExpiryWidgetExtension;
			packageProductDependencies = (
			);
			productName = MedicineExpiryWidgetExtension;
			productReference = 427AEBD730653CB500E21B36 /* MedicineExpiryWidgetExtension.appex */;
			productType = "com.apple.product-type.app-extension";
		};
		427AECC330662E1700E21B36 /* MedicineExpiryNotification */ = {
			isa = PBXNativeTarget;
			buildConfigurationList = 427AECD630662E1800E21B36 /* Build configuration list for PBXNativeTarget "MedicineExpiryNotification" */;
			buildPhases = (
				427AECC030662E1700E21B36 /* Sources */,
				427AECC130662E1700E21B36 /* Frameworks */,
				427AECC230662E1700E21B36 /* Resources */,
			);
			buildRules = (
			);
			dependencies = (
			);
			fileSystemSynchronizedGroups = (
				427AECC930662E1700E21B36 /* MedicineExpiryNotification */,
			);
			name = MedicineExpiryNotification;
			packageProductDependencies = (
			);
			productName = MedicineExpiryNotification;
			productReference = 427AECC430662E1700E21B36 /* MedicineExpiryNotification.appex */;
			productType = "com.apple.product-type.app-extension";
		};
		427AEDB930668D3000E21B36 /* HomeMedicineTrackerTests */ = {
			isa = PBXNativeTarget;
			buildConfigurationList = 427AEDC230668D3000E21B36 /* Build configuration list for PBXNativeTarget "HomeMedicineTrackerTests" */;
			buildPhases = (
				427AEDB630668D3000E21B36 /* Sources */,
				427AEDB730668D3000E21B36 /* Frameworks */,
				427AEDB830668D3000E21B36 /* Resources */,
			);
			buildRules = (
			);
			dependencies = (
				427AEDBF30668D3000E21B36 /* PBXTargetDependency */,
			);
			fileSystemSynchronizedGroups = (
				427AEDBB30668D3000E21B36 /* HomeMedicineTrackerTests */,
			);
			name = HomeMedicineTrackerTests;
			packageProductDependencies = (
			);
			productName = HomeMedicineTrackerTests;
			productReference = 427AEDBA30668D3000E21B36 /* HomeMedicineTrackerTests.xctest */;
			productType = "com.apple.product-type.bundle.unit-test";
		};
/* End PBXNativeTarget section */

/* Begin PBXProject section */
		427AEA0F305FFB2300E21B36 /* Project object */ = {
			isa = PBXProject;
			attributes = {
				BuildIndependentTargetsInParallel = 1;
				LastSwiftUpdateCheck = 2620;
				LastUpgradeCheck = 2620;
				TargetAttributes = {
					427AEA16305FFB2300E21B36 = {
						CreatedOnToolsVersion = 26.2;
					};
					427AEBD630653CB500E21B36 = {
						CreatedOnToolsVersion = 26.2;
					};
					427AECC330662E1700E21B36 = {
						CreatedOnToolsVersion = 26.2;
					};
					427AEDB930668D3000E21B36 = {
						CreatedOnToolsVersion = 26.2;
						TestTargetID = 427AEA16305FFB2300E21B36;
					};
				};
			};
			buildConfigurationList = 427AEA12305FFB2300E21B36 /* Build configuration list for PBXProject "Home Medicine Tracker" */;
			developmentRegion = en;
			hasScannedForEncodings = 0;
			knownRegions = (
				en,
				Base,
			);
			mainGroup = 427AEA0E305FFB2300E21B36;
			minimizedProjectReferenceProxies = 1;
			preferredProjectObjectVersion = 77;
			productRefGroup = 427AEA18305FFB2300E21B36 /* Products */;
			projectDirPath = "";
			projectRoot = "";
			targets = (
				427AEA16305FFB2300E21B36 /* Home Medicine Tracker */,
				427AEBD630653CB500E21B36 /* MedicineExpiryWidgetExtension */,
				427AECC330662E1700E21B36 /* MedicineExpiryNotification */,
				427AEDB930668D3000E21B36 /* HomeMedicineTrackerTests */,
			);
		};
/* End PBXProject section */

/* Begin PBXResourcesBuildPhase section */
		427AEA15305FFB2300E21B36 /* Resources */ = {
			isa = PBXResourcesBuildPhase;
			buildActionMask = 2147483647;
			files = (
			);
			runOnlyForDeploymentPostprocessing = 0;
		};
		427AEBD530653CB500E21B36 /* Resources */ = {
			isa = PBXResourcesBuildPhase;
			buildActionMask = 2147483647;
			files = (
			);
			runOnlyForDeploymentPostprocessing = 0;
		};
		427AECC230662E1700E21B36 /* Resources */ = {
			isa = PBXResourcesBuildPhase;
			buildActionMask = 2147483647;
			files = (
			);
			runOnlyForDeploymentPostprocessing = 0;
		};
		427AEDB830668D3000E21B36 /* Resources */ = {
			isa = PBXResourcesBuildPhase;
			buildActionMask = 2147483647;
			files = (
			);
			runOnlyForDeploymentPostprocessing = 0;
		};
/* End PBXResourcesBuildPhase section */

/* Begin PBXSourcesBuildPhase section */
		427AEA13305FFB2300E21B36 /* Sources */ = {
			isa = PBXSourcesBuildPhase;
			buildActionMask = 2147483647;
			files = (
			);
			runOnlyForDeploymentPostprocessing = 0;
		};
		427AEBD330653CB500E21B36 /* Sources */ = {
			isa = PBXSourcesBuildPhase;
			buildActionMask = 2147483647;
			files = (
			);
			runOnlyForDeploymentPostprocessing = 0;
		};
		427AECC030662E1700E21B36 /* Sources */ = {
			isa = PBXSourcesBuildPhase;
			buildActionMask = 2147483647;
			files = (
			);
			runOnlyForDeploymentPostprocessing = 0;
		};
		427AEDB630668D3000E21B36 /* Sources */ = {
			isa = PBXSourcesBuildPhase;
			buildActionMask = 2147483647;
			files = (
			);
			runOnlyForDeploymentPostprocessing = 0;
		};
/* End PBXSourcesBuildPhase section */

/* Begin PBXTargetDependency section */
		427AEBE630653CB700E21B36 /* PBXTargetDependency */ = {
			isa = PBXTargetDependency;
			target = 427AEBD630653CB500E21B36 /* MedicineExpiryWidgetExtension */;
			targetProxy = 427AEBE530653CB700E21B36 /* PBXContainerItemProxy */;
		};
		427AECD130662E1800E21B36 /* PBXTargetDependency */ = {
			isa = PBXTargetDependency;
			target = 427AECC330662E1700E21B36 /* MedicineExpiryNotification */;
			targetProxy = 427AECD030662E1800E21B36 /* PBXContainerItemProxy */;
		};
		427AEDBF30668D3000E21B36 /* PBXTargetDependency */ = {
			isa = PBXTargetDependency;
			target = 427AEA16305FFB2300E21B36 /* Home Medicine Tracker */;
			targetProxy = 427AEDBE30668D3000E21B36 /* PBXContainerItemProxy */;
		};
/* End PBXTargetDependency section */

/* Begin XCBuildConfiguration section */
		427AEA25305FFB2400E21B36 /* Debug */ = {
			isa = XCBuildConfiguration;
			buildSettings = {
				ALWAYS_SEARCH_USER_PATHS = NO;
				ASSETCATALOG_COMPILER_GENERATE_SWIFT_ASSET_SYMBOL_EXTENSIONS = YES;
				CLANG_ANALYZER_NONNULL = YES;
				CLANG_ANALYZER_NUMBER_OBJECT_CONVERSION = YES_AGGRESSIVE;
				CLANG_CXX_LANGUAGE_STANDARD = "gnu++20";
				CLANG_ENABLE_MODULES = YES;
				CLANG_ENABLE_OBJC_ARC = YES;
				CLANG_ENABLE_OBJC_WEAK = YES;
				CLANG_WARN_BLOCK_CAPTURE_AUTORELEASING = YES;
				CLANG_WARN_BOOL_CONVERSION = YES;
				CLANG_WARN_COMMA = YES;
				CLANG_WARN_CONSTANT_CONVERSION = YES;
				CLANG_WARN_DEPRECATED_OBJC_IMPLEMENTATIONS = YES;
				CLANG_WARN_DIRECT_OBJC_ISA_USAGE = YES_ERROR;
				CLANG_WARN_DOCUMENTATION_COMMENTS = YES;
				CLANG_WARN_EMPTY_BODY = YES;
				CLANG_WARN_ENUM_CONVERSION = YES;
				CLANG_WARN_INFINITE_RECURSION = YES;
				CLANG_WARN_INT_CONVERSION = YES;
				CLANG_WARN_NON_LITERAL_NULL_CONVERSION = YES;
				CLANG_WARN_OBJC_IMPLICIT_RETAIN_SELF = YES;
				CLANG_WARN_OBJC_LITERAL_CONVERSION = YES;
				CLANG_WARN_OBJC_ROOT_CLASS = YES_ERROR;
				CLANG_WARN_QUOTED_INCLUDE_IN_FRAMEWORK_HEADER = YES;
				CLANG_WARN_RANGE_LOOP_ANALYSIS = YES;
				CLANG_WARN_STRICT_PROTOTYPES = YES;
				CLANG_WARN_SUSPICIOUS_MOVE = YES;
				CLANG_WARN_UNGUARDED_AVAILABILITY = YES_AGGRESSIVE;
				CLANG_WARN_UNREACHABLE_CODE = YES;
				CLANG_WARN__DUPLICATE_METHOD_MATCH = YES;
				COPY_PHASE_STRIP = NO;
				DEBUG_INFORMATION_FORMAT = dwarf;
				DEVELOPMENT_TEAM = A4NL3Y362A;
				ENABLE_STRICT_OBJC_MSGSEND = YES;
				ENABLE_TESTABILITY = YES;
				ENABLE_USER_SCRIPT_SANDBOXING = YES;
				GCC_C_LANGUAGE_STANDARD = gnu17;
				GCC_DYNAMIC_NO_PIC = NO;
				GCC_NO_COMMON_BLOCKS = YES;
				GCC_OPTIMIZATION_LEVEL = 0;
				GCC_PREPROCESSOR_DEFINITIONS = (
					"DEBUG=1",
					"$(inherited)",
				);
				GCC_WARN_64_TO_32_BIT_CONVERSION = YES;
				GCC_WARN_ABOUT_RETURN_TYPE = YES_ERROR;
				GCC_WARN_UNDECLARED_SELECTOR = YES;
				GCC_WARN_UNINITIALIZED_AUTOS = YES_AGGRESSIVE;
				GCC_WARN_UNUSED_FUNCTION = YES;
				GCC_WARN_UNUSED_VARIABLE = YES;
				IPHONEOS_DEPLOYMENT_TARGET = 26.2;
				LOCALIZATION_PREFERS_STRING_CATALOGS = YES;
				MTL_ENABLE_DEBUG_INFO = INCLUDE_SOURCE;
				MTL_FAST_MATH = YES;
				ONLY_ACTIVE_ARCH = YES;
				SDKROOT = iphoneos;
				SWIFT_ACTIVE_COMPILATION_CONDITIONS = "DEBUG $(inherited)";
				SWIFT_OPTIMIZATION_LEVEL = "-Onone";
			};
			name = Debug;
		};
		427AEA26305FFB2400E21B36 /* Release */ = {
			isa = XCBuildConfiguration;
			buildSettings = {
				ALWAYS_SEARCH_USER_PATHS = NO;
				ASSETCATALOG_COMPILER_GENERATE_SWIFT_ASSET_SYMBOL_EXTENSIONS = YES;
				CLANG_ANALYZER_NONNULL = YES;
				CLANG_ANALYZER_NUMBER_OBJECT_CONVERSION = YES_AGGRESSIVE;
				CLANG_CXX_LANGUAGE_STANDARD = "gnu++20";
				CLANG_ENABLE_MODULES = YES;
				CLANG_ENABLE_OBJC_ARC = YES;
				CLANG_ENABLE_OBJC_WEAK = YES;
				CLANG_WARN_BLOCK_CAPTURE_AUTORELEASING = YES;
				CLANG_WARN_BOOL_CONVERSION = YES;
				CLANG_WARN_COMMA = YES;
				CLANG_WARN_CONSTANT_CONVERSION = YES;
				CLANG_WARN_DEPRECATED_OBJC_IMPLEMENTATIONS = YES;
				CLANG_WARN_DIRECT_OBJC_ISA_USAGE = YES_ERROR;
				CLANG_WARN_DOCUMENTATION_COMMENTS = YES;
				CLANG_WARN_EMPTY_BODY = YES;
				CLANG_WARN_ENUM_CONVERSION = YES;
				CLANG_WARN_INFINITE_RECURSION = YES;
				CLANG_WARN_INT_CONVERSION = YES;
				CLANG_WARN_NON_LITERAL_NULL_CONVERSION = YES;
				CLANG_WARN_OBJC_IMPLICIT_RETAIN_SELF = YES;
				CLANG_WARN_OBJC_LITERAL_CONVERSION = YES;
				CLANG_WARN_OBJC_ROOT_CLASS = YES_ERROR;
				CLANG_WARN_QUOTED_INCLUDE_IN_FRAMEWORK_HEADER = YES;
				CLANG_WARN_RANGE_LOOP_ANALYSIS = YES;
				CLANG_WARN_STRICT_PROTOTYPES = YES;
				CLANG_WARN_SUSPICIOUS_MOVE = YES;
				CLANG_WARN_UNGUARDED_AVAILABILITY = YES_AGGRESSIVE;
				CLANG_WARN_UNREACHABLE_CODE = YES;
				CLANG_WARN__DUPLICATE_METHOD_MATCH = YES;
				COPY_PHASE_STRIP = NO;
				DEBUG_INFORMATION_FORMAT = "dwarf-with-dsym";
				DEVELOPMENT_TEAM = A4NL3Y362A;
				ENABLE_NS_ASSERTIONS = NO;
				ENABLE_STRICT_OBJC_MSGSEND = YES;
				ENABLE_USER_SCRIPT_SANDBOXING = YES;
				GCC_C_LANGUAGE_STANDARD = gnu17;
				GCC_NO_COMMON_BLOCKS = YES;
				GCC_WARN_64_TO_32_BIT_CONVERSION = YES;
				GCC_WARN_ABOUT_RETURN_TYPE = YES_ERROR;
				GCC_WARN_UNDECLARED_SELECTOR = YES;
				GCC_WARN_UNINITIALIZED_AUTOS = YES_AGGRESSIVE;
				GCC_WARN_UNUSED_FUNCTION = YES;
				GCC_WARN_UNUSED_VARIABLE = YES;
				IPHONEOS_DEPLOYMENT_TARGET = 26.2;
				LOCALIZATION_PREFERS_STRING_CATALOGS = YES;
				MTL_ENABLE_DEBUG_INFO = NO;
				MTL_FAST_MATH = YES;
				SDKROOT = iphoneos;
				SWIFT_COMPILATION_MODE = wholemodule;
				VALIDATE_PRODUCT = YES;
			};
			name = Release;
		};
		427AEA28305FFB2400E21B36 /* Debug */ = {
			isa = XCBuildConfiguration;
			buildSettings = {
				ASSETCATALOG_COMPILER_APPICON_NAME = AppIcon;
				ASSETCATALOG_COMPILER_GLOBAL_ACCENT_COLOR_NAME = AccentColor;
				CODE_SIGN_ENTITLEMENTS = "Home Medicine Tracker/Home Medicine Tracker.entitlements";
				CODE_SIGN_STYLE = Automatic;
				CURRENT_PROJECT_VERSION = 1;
				DEVELOPMENT_TEAM = A4NL3Y362A;
				ENABLE_PREVIEWS = YES;
				GENERATE_INFOPLIST_FILE = YES;
				INFOPLIST_KEY_UIApplicationSceneManifest_Generation = YES;
				INFOPLIST_KEY_UIApplicationSupportsIndirectInputEvents = YES;
				INFOPLIST_KEY_UILaunchScreen_Generation = YES;
				INFOPLIST_KEY_UISupportedInterfaceOrientations_iPad = "UIInterfaceOrientationPortrait UIInterfaceOrientationPortraitUpsideDown UIInterfaceOrientationLandscapeLeft UIInterfaceOrientationLandscapeRight";
				INFOPLIST_KEY_UISupportedInterfaceOrientations_iPhone = "UIInterfaceOrientationPortrait UIInterfaceOrientationLandscapeLeft UIInterfaceOrientationLandscapeRight";
				LD_RUNPATH_SEARCH_PATHS = (
					"$(inherited)",
					"@executable_path/Frameworks",
				);
				MARKETING_VERSION = 1.0;
				PRODUCT_BUNDLE_IDENTIFIER = "com.jiayi.Home-Medicine-Tracker";
				PRODUCT_NAME = "$(TARGET_NAME)";
				STRING_CATALOG_GENERATE_SYMBOLS = YES;
				SWIFT_APPROACHABLE_CONCURRENCY = YES;
				SWIFT_DEFAULT_ACTOR_ISOLATION = MainActor;
				SWIFT_EMIT_LOC_STRINGS = YES;
				SWIFT_UPCOMING_FEATURE_MEMBER_IMPORT_VISIBILITY = YES;
				SWIFT_VERSION = 5.0;
				TARGETED_DEVICE_FAMILY = "1,2";
			};
			name = Debug;
		};
		427AEA29305FFB2400E21B36 /* Release */ = {
			isa = XCBuildConfiguration;
			buildSettings = {
				ASSETCATALOG_COMPILER_APPICON_NAME = AppIcon;
				ASSETCATALOG_COMPILER_GLOBAL_ACCENT_COLOR_NAME = AccentColor;
				CODE_SIGN_ENTITLEMENTS = "Home Medicine Tracker/Home Medicine Tracker.entitlements";
				CODE_SIGN_STYLE = Automatic;
				CURRENT_PROJECT_VERSION = 1;
				DEVELOPMENT_TEAM = A4NL3Y362A;
				ENABLE_PREVIEWS = YES;
				GENERATE_INFOPLIST_FILE = YES;
				INFOPLIST_KEY_UIApplicationSceneManifest_Generation = YES;
				INFOPLIST_KEY_UIApplicationSupportsIndirectInputEvents = YES;
				INFOPLIST_KEY_UILaunchScreen_Generation = YES;
				INFOPLIST_KEY_UISupportedInterfaceOrientations_iPad = "UIInterfaceOrientationPortrait UIInterfaceOrientationPortraitUpsideDown UIInterfaceOrientationLandscapeLeft UIInterfaceOrientationLandscapeRight";
				INFOPLIST_KEY_UISupportedInterfaceOrientations_iPhone = "UIInterfaceOrientationPortrait UIInterfaceOrientationLandscapeLeft UIInterfaceOrientationLandscapeRight";
				LD_RUNPATH_SEARCH_PATHS = (
					"$(inherited)",
					"@executable_path/Frameworks",
				);
				MARKETING_VERSION = 1.0;
				PRODUCT_BUNDLE_IDENTIFIER = "com.jiayi.Home-Medicine-Tracker";
				PRODUCT_NAME = "$(TARGET_NAME)";
				STRING_CATALOG_GENERATE_SYMBOLS = YES;
				SWIFT_APPROACHABLE_CONCURRENCY = YES;
				SWIFT_DEFAULT_ACTOR_ISOLATION = MainActor;
				SWIFT_EMIT_LOC_STRINGS = YES;
				SWIFT_UPCOMING_FEATURE_MEMBER_IMPORT_VISIBILITY = YES;
				SWIFT_VERSION = 5.0;
				TARGETED_DEVICE_FAMILY = "1,2";
			};
			name = Release;
		};
		427AEBEA30653CB700E21B36 /* Debug */ = {
			isa = XCBuildConfiguration;
			buildSettings = {
				ASSETCATALOG_COMPILER_GLOBAL_ACCENT_COLOR_NAME = AccentColor;
				ASSETCATALOG_COMPILER_WIDGET_BACKGROUND_COLOR_NAME = WidgetBackground;
				CODE_SIGN_ENTITLEMENTS = MedicineExpiryWidgetExtension.entitlements;
				CODE_SIGN_STYLE = Automatic;
				CURRENT_PROJECT_VERSION = 1;
				DEVELOPMENT_TEAM = A4NL3Y362A;
				GENERATE_INFOPLIST_FILE = YES;
				INFOPLIST_FILE = MedicineExpiryWidget/Info.plist;
				INFOPLIST_KEY_CFBundleDisplayName = MedicineExpiryWidget;
				INFOPLIST_KEY_NSHumanReadableCopyright = "";
				LD_RUNPATH_SEARCH_PATHS = (
					"$(inherited)",
					"@executable_path/Frameworks",
					"@executable_path/../../Frameworks",
				);
				MARKETING_VERSION = 1.0;
				PRODUCT_BUNDLE_IDENTIFIER = "com.jiayi.Home-Medicine-Tracker.MedicineExpiryWidget";
				PRODUCT_NAME = "$(TARGET_NAME)";
				SKIP_INSTALL = YES;
				STRING_CATALOG_GENERATE_SYMBOLS = YES;
				SWIFT_APPROACHABLE_CONCURRENCY = YES;
				SWIFT_EMIT_LOC_STRINGS = YES;
				SWIFT_UPCOMING_FEATURE_MEMBER_IMPORT_VISIBILITY = YES;
				SWIFT_VERSION = 5.0;
				TARGETED_DEVICE_FAMILY = "1,2";
			};
			name = Debug;
		};
		427AEBEB30653CB700E21B36 /* Release */ = {
			isa = XCBuildConfiguration;
			buildSettings = {
				ASSETCATALOG_COMPILER_GLOBAL_ACCENT_COLOR_NAME = AccentColor;
				ASSETCATALOG_COMPILER_WIDGET_BACKGROUND_COLOR_NAME = WidgetBackground;
				CODE_SIGN_ENTITLEMENTS = MedicineExpiryWidgetExtension.entitlements;
				CODE_SIGN_STYLE = Automatic;
				CURRENT_PROJECT_VERSION = 1;
				DEVELOPMENT_TEAM = A4NL3Y362A;
				GENERATE_INFOPLIST_FILE = YES;
				INFOPLIST_FILE = MedicineExpiryWidget/Info.plist;
				INFOPLIST_KEY_CFBundleDisplayName = MedicineExpiryWidget;
				INFOPLIST_KEY_NSHumanReadableCopyright = "";
				LD_RUNPATH_SEARCH_PATHS = (
					"$(inherited)",
					"@executable_path/Frameworks",
					"@executable_path/../../Frameworks",
				);
				MARKETING_VERSION = 1.0;
				PRODUCT_BUNDLE_IDENTIFIER = "com.jiayi.Home-Medicine-Tracker.MedicineExpiryWidget";
				PRODUCT_NAME = "$(TARGET_NAME)";
				SKIP_INSTALL = YES;
				STRING_CATALOG_GENERATE_SYMBOLS = YES;
				SWIFT_APPROACHABLE_CONCURRENCY = YES;
				SWIFT_EMIT_LOC_STRINGS = YES;
				SWIFT_UPCOMING_FEATURE_MEMBER_IMPORT_VISIBILITY = YES;
				SWIFT_VERSION = 5.0;
				TARGETED_DEVICE_FAMILY = "1,2";
			};
			name = Release;
		};
		427AECD330662E1800E21B36 /* Debug */ = {
			isa = XCBuildConfiguration;
			buildSettings = {
				CODE_SIGN_STYLE = Automatic;
				CURRENT_PROJECT_VERSION = 1;
				DEVELOPMENT_TEAM = A4NL3Y362A;
				GENERATE_INFOPLIST_FILE = YES;
				INFOPLIST_FILE = MedicineExpiryNotification/Info.plist;
				INFOPLIST_KEY_CFBundleDisplayName = MedicineExpiryNotification;
				INFOPLIST_KEY_NSHumanReadableCopyright = "";
				LD_RUNPATH_SEARCH_PATHS = (
					"$(inherited)",
					"@executable_path/Frameworks",
					"@executable_path/../../Frameworks",
				);
				MARKETING_VERSION = 1.0;
				PRODUCT_BUNDLE_IDENTIFIER = "com.jiayi.Home-Medicine-Tracker.MedicineExpiryNotification";
				PRODUCT_NAME = "$(TARGET_NAME)";
				SKIP_INSTALL = YES;
				STRING_CATALOG_GENERATE_SYMBOLS = YES;
				SWIFT_APPROACHABLE_CONCURRENCY = YES;
				SWIFT_EMIT_LOC_STRINGS = YES;
				SWIFT_UPCOMING_FEATURE_MEMBER_IMPORT_VISIBILITY = YES;
				SWIFT_VERSION = 5.0;
				TARGETED_DEVICE_FAMILY = "1,2";
			};
			name = Debug;
		};
		427AECD430662E1800E21B36 /* Release */ = {
			isa = XCBuildConfiguration;
			buildSettings = {
				CODE_SIGN_STYLE = Automatic;
				CURRENT_PROJECT_VERSION = 1;
				DEVELOPMENT_TEAM = A4NL3Y362A;
				GENERATE_INFOPLIST_FILE = YES;
				INFOPLIST_FILE = MedicineExpiryNotification/Info.plist;
				INFOPLIST_KEY_CFBundleDisplayName = MedicineExpiryNotification;
				INFOPLIST_KEY_NSHumanReadableCopyright = "";
				LD_RUNPATH_SEARCH_PATHS = (
					"$(inherited)",
					"@executable_path/Frameworks",
					"@executable_path/../../Frameworks",
				);
				MARKETING_VERSION = 1.0;
				PRODUCT_BUNDLE_IDENTIFIER = "com.jiayi.Home-Medicine-Tracker.MedicineExpiryNotification";
				PRODUCT_NAME = "$(TARGET_NAME)";
				SKIP_INSTALL = YES;
				STRING_CATALOG_GENERATE_SYMBOLS = YES;
				SWIFT_APPROACHABLE_CONCURRENCY = YES;
				SWIFT_EMIT_LOC_STRINGS = YES;
				SWIFT_UPCOMING_FEATURE_MEMBER_IMPORT_VISIBILITY = YES;
				SWIFT_VERSION = 5.0;
				TARGETED_DEVICE_FAMILY = "1,2";
			};
			name = Release;
		};
		427AEDC030668D3000E21B36 /* Debug */ = {
			isa = XCBuildConfiguration;
			buildSettings = {
				BUNDLE_LOADER = "$(TEST_HOST)";
				CODE_SIGN_STYLE = Automatic;
				CURRENT_PROJECT_VERSION = 1;
				DEVELOPMENT_TEAM = A4NL3Y362A;
				GENERATE_INFOPLIST_FILE = YES;
				MARKETING_VERSION = 1.0;
				PRODUCT_BUNDLE_IDENTIFIER = "com.jiayi.Home-Medicine-Tracker.HomeMedicineTrackerTests";
				PRODUCT_NAME = "$(TARGET_NAME)";
				STRING_CATALOG_GENERATE_SYMBOLS = NO;
				SWIFT_APPROACHABLE_CONCURRENCY = YES;
				SWIFT_EMIT_LOC_STRINGS = NO;
				SWIFT_UPCOMING_FEATURE_MEMBER_IMPORT_VISIBILITY = YES;
				SWIFT_VERSION = 5.0;
				TARGETED_DEVICE_FAMILY = "1,2";
				TEST_HOST = "$(BUILT_PRODUCTS_DIR)/Home Medicine Tracker.app/$(BUNDLE_EXECUTABLE_FOLDER_PATH)/Home Medicine Tracker";
			};
			name = Debug;
		};
		427AEDC130668D3000E21B36 /* Release */ = {
			isa = XCBuildConfiguration;
			buildSettings = {
				BUNDLE_LOADER = "$(TEST_HOST)";
				CODE_SIGN_STYLE = Automatic;
				CURRENT_PROJECT_VERSION = 1;
				DEVELOPMENT_TEAM = A4NL3Y362A;
				GENERATE_INFOPLIST_FILE = YES;
				MARKETING_VERSION = 1.0;
				PRODUCT_BUNDLE_IDENTIFIER = "com.jiayi.Home-Medicine-Tracker.HomeMedicineTrackerTests";
				PRODUCT_NAME = "$(TARGET_NAME)";
				STRING_CATALOG_GENERATE_SYMBOLS = NO;
				SWIFT_APPROACHABLE_CONCURRENCY = YES;
				SWIFT_EMIT_LOC_STRINGS = NO;
				SWIFT_UPCOMING_FEATURE_MEMBER_IMPORT_VISIBILITY = YES;
				SWIFT_VERSION = 5.0;
				TARGETED_DEVICE_FAMILY = "1,2";
				TEST_HOST = "$(BUILT_PRODUCTS_DIR)/Home Medicine Tracker.app/$(BUNDLE_EXECUTABLE_FOLDER_PATH)/Home Medicine Tracker";
			};
			name = Release;
		};
/* End XCBuildConfiguration section */

/* Begin XCConfigurationList section */
		427AEA12305FFB2300E21B36 /* Build configuration list for PBXProject "Home Medicine Tracker" */ = {
			isa = XCConfigurationList;
			buildConfigurations = (
				427AEA25305FFB2400E21B36 /* Debug */,
				427AEA26305FFB2400E21B36 /* Release */,
			);
			defaultConfigurationIsVisible = 0;
			defaultConfigurationName = Release;
		};
		427AEA27305FFB2400E21B36 /* Build configuration list for PBXNativeTarget "Home Medicine Tracker" */ = {
			isa = XCConfigurationList;
			buildConfigurations = (
				427AEA28305FFB2400E21B36 /* Debug */,
				427AEA29305FFB2400E21B36 /* Release */,
			);
			defaultConfigurationIsVisible = 0;
			defaultConfigurationName = Release;
		};
		427AEBE930653CB700E21B36 /* Build configuration list for PBXNativeTarget "MedicineExpiryWidgetExtension" */ = {
			isa = XCConfigurationList;
			buildConfigurations = (
				427AEBEA30653CB700E21B36 /* Debug */,
				427AEBEB30653CB700E21B36 /* Release */,
			);
			defaultConfigurationIsVisible = 0;
			defaultConfigurationName = Release;
		};
		427AECD630662E1800E21B36 /* Build configuration list for PBXNativeTarget "MedicineExpiryNotification" */ = {
			isa = XCConfigurationList;
			buildConfigurations = (
				427AECD330662E1800E21B36 /* Debug */,
				427AECD430662E1800E21B36 /* Release */,
			);
			defaultConfigurationIsVisible = 0;
			defaultConfigurationName = Release;
		};
		427AEDC230668D3000E21B36 /* Build configuration list for PBXNativeTarget "HomeMedicineTrackerTests" */ = {
			isa = XCConfigurationList;
			buildConfigurations = (
				427AEDC030668D3000E21B36 /* Debug */,
				427AEDC130668D3000E21B36 /* Release */,
			);
			defaultConfigurationIsVisible = 0;
			defaultConfigurationName = Release;
		};
/* End XCConfigurationList section */
	};
	rootObject = 427AEA0F305FFB2300E21B36 /* Project object */;
}
